# Production dependency resolution for v0.0.1.
# Keep human-maintained compatibility ranges in pyproject.toml.
# Refresh deliberately after dependency/security review.
Mako==1.4.1
MarkupSafe==3.0.3
PyYAML==6.0.3
SQLAlchemy==2.0.52
alembic==1.20.0
annotated-doc==0.0.5
annotated-types==0.8.0
anyio==4.15.1
argon2-cffi==25.1.0
argon2-cffi-bindings==26.1.0
bleach==6.4.0
cffi==2.1.1
click==8.5.0
fastapi==0.141.1
greenlet==3.5.5
h11==0.16.0
idna==3.19
jinja2==3.1.6
markdown-it-py==4.2.0
mdurl==0.1.2
pycparser==3.0
pydantic==2.13.5
pydantic-core==2.46.5
starlette==1.6.0
typing-extensions==4.16.0
typing-inspection==0.4.4
uvicorn==0.52.4
webencodings==0.6.1
